
Microsoft Visual Studio Solution File, Format Version 12.00
# Visual Studio Version 17
VisualStudioVersion = 17.5.33516.290
MinimumVisualStudioVersion = 10.0.40219.1
Project("{9A19103F-16F7-4668-BE54-9A1E7A4F7556}") = "PruebaIngresoBibliotecario.Api", "PruebaIngresoBibliotecario\PruebaIngresoBibliotecario.Api\PruebaIngresoBibliotecario.Api.csproj", "{83BC9568-98BD-45E5-81EE-2EC31D93D349}"
EndProject
Project("{9A19103F-16F7-4668-BE54-9A1E7A4F7556}") = "PruebaIngresoBibliotecario.Api.Tests", "PruebaIngresoBibliotecario\PruebaIngresoBibliotecario.Api.Tests\PruebaIngresoBibliotecario.Api.Tests.csproj", "{1098EFDF-6E71-42AB-B02C-EE86D21BC08F}"
EndProject
Project("{9A19103F-16F7-4668-BE54-9A1E7A4F7556}") = "PruebaIngresoBibliotecario.Application", "PruebaIngresoBibliotecario.Application\PruebaIngresoBibliotecario.Application.csproj", "{E384AD46-4B90-4B87-A740-FE42D962BA4E}"
EndProject
Project("{FAE04EC0-301F-11D3-BF4B-00C04F79EFBC}") = "PruebaIngresoBibliotecario.Domain", "PruebaIngresoBibliotecario.Domain\PruebaIngresoBibliotecario.Domain.csproj", "{38CACFAA-2559-43D4-95D7-AFC5FC95D63A}"
EndProject
Project("{FAE04EC0-301F-11D3-BF4B-00C04F79EFBC}") = "PruebaIngresoBibliotecario.Infrastructure", "PruebaIngresoBibliotecario.Infrastructure\PruebaIngresoBibliotecario.Infrastructure.csproj", "{051E2FDD-5CFA-4734-A349-70537ADBD945}"
EndProject
Global
	GlobalSection(SolutionConfigurationPlatforms) = preSolution
		Debug|Any CPU = Debug|Any CPU
		Release|Any CPU = Release|Any CPU
	EndGlobalSection
	GlobalSection(ProjectConfigurationPlatforms) = postSolution
		{83BC9568-98BD-45E5-81EE-2EC31D93D349}.Debug|Any CPU.ActiveCfg = Debug|Any CPU
		{83BC9568-98BD-45E5-81EE-2EC31D93D349}.Debug|Any CPU.Build.0 = Debug|Any CPU
		{83BC9568-98BD-45E5-81EE-2EC31D93D349}.Release|Any CPU.ActiveCfg = Release|Any CPU
		{83BC9568-98BD-45E5-81EE-2EC31D93D349}.Release|Any CPU.Build.0 = Release|Any CPU
		{1098EFDF-6E71-42AB-B02C-EE86D21BC08F}.Debug|Any CPU.ActiveCfg = Debug|Any CPU
		{1098EFDF-6E71-42AB-B02C-EE86D21BC08F}.Debug|Any CPU.Build.0 = Debug|Any CPU
		{1098EFDF-6E71-42AB-B02C-EE86D21BC08F}.Release|Any CPU.ActiveCfg = Release|Any CPU
		{1098EFDF-6E71-42AB-B02C-EE86D21BC08F}.Release|Any CPU.Build.0 = Release|Any CPU
		{E384AD46-4B90-4B87-A740-FE42D962BA4E}.Debug|Any CPU.ActiveCfg = Debug|Any CPU
		{E384AD46-4B90-4B87-A740-FE42D962BA4E}.Debug|Any CPU.Build.0 = Debug|Any CPU
		{E384AD46-4B90-4B87-A740-FE42D962BA4E}.Release|Any CPU.ActiveCfg = Release|Any CPU
		{E384AD46-4B90-4B87-A740-FE42D962BA4E}.Release|Any CPU.Build.0 = Release|Any CPU
		{38CACFAA-2559-43D4-95D7-AFC5FC95D63A}.Debug|Any CPU.ActiveCfg = Debug|Any CPU
		{38CACFAA-2559-43D4-95D7-AFC5FC95D63A}.Debug|Any CPU.Build.0 = Debug|Any CPU
		{38CACFAA-2559-43D4-95D7-AFC5FC95D63A}.Release|Any CPU.ActiveCfg = Release|Any CPU
		{38CACFAA-2559-43D4-95D7-AFC5FC95D63A}.Release|Any CPU.Build.0 = Release|Any CPU
		{051E2FDD-5CFA-4734-A349-70537ADBD945}.Debug|Any CPU.ActiveCfg = Debug|Any CPU
		{051E2FDD-5CFA-4734-A349-70537ADBD945}.Debug|Any CPU.Build.0 = Debug|Any CPU
		{051E2FDD-5CFA-4734-A349-70537ADBD945}.Release|Any CPU.ActiveCfg = Release|Any CPU
		{051E2FDD-5CFA-4734-A349-70537ADBD945}.Release|Any CPU.Build.0 = Release|Any CPU
	EndGlobalSection
	GlobalSection(SolutionProperties) = preSolution
		HideSolutionNode = FALSE
	EndGlobalSection
	GlobalSection(ExtensibilityGlobals) = postSolution
		SolutionGuid = {1410F7CC-0E30-4D49-805A-DB90AE45478D}
	EndGlobalSection
EndGlobal
